
Microsoft Visual Studio Solution File, Format Version 12.00
# Visual Studio Version 16
VisualStudioVersion = 16.0.31424.327
MinimumVisualStudioVersion = 10.0.40219.1
Project("{FAE04EC0-301F-11D3-BF4B-00C04F79EFBC}") = "DbProductsORM1", "DbProductsORM1\DbProductsORM1.csproj", "{86A7A0A3-C413-4407-ABD5-7D3B346E8B17}"
EndProject
Global
	GlobalSection(SolutionConfigurationPlatforms) = preSolution
		Debug|Any CPU = Debug|Any CPU
		Release|Any CPU = Release|Any CPU
	EndGlobalSection
	GlobalSection(ProjectConfigurationPlatforms) = postSolution
		{86A7A0A3-C413-4407-ABD5-7D3B346E8B17}.Debug|Any CPU.ActiveCfg = Debug|Any CPU
		{86A7A0A3-C413-4407-ABD5-7D3B346E8B17}.Debug|Any CPU.Build.0 = Debug|Any CPU
		{86A7A0A3-C413-4407-ABD5-7D3B346E8B17}.Release|Any CPU.ActiveCfg = Release|Any CPU
		{86A7A0A3-C413-4407-ABD5-7D3B346E8B17}.Release|Any CPU.Build.0 = Release|Any CPU
	EndGlobalSection
	GlobalSection(SolutionProperties) = preSolution
		HideSolutionNode = FALSE
	EndGlobalSection
	GlobalSection(ExtensibilityGlobals) = postSolution
		SolutionGuid = {C1B39A7F-8859-4E0E-B4C6-5043D4A0B49E}
	EndGlobalSection
EndGlobal
